
Microsoft Visual Studio Solution File, Format Version 12.00
Project("{FAE04EC0-301F-11D3-BF4B-00C04F79EFBC}") = "lab01", "lab01\lab01.csproj", "{6ED79354-59F2-4B8D-AF8E-D512406BD3E2}"
EndProject
Global
	GlobalSection(SolutionConfigurationPlatforms) = preSolution
		Debug|Any CPU = Debug|Any CPU
		Release|Any CPU = Release|Any CPU
	EndGlobalSection
	GlobalSection(ProjectConfigurationPlatforms) = postSolution
		{6ED79354-59F2-4B8D-AF8E-D512406BD3E2}.Debug|Any CPU.ActiveCfg = Debug|Any CPU
		{6ED79354-59F2-4B8D-AF8E-D512406BD3E2}.Debug|Any CPU.Build.0 = Debug|Any CPU
		{6ED79354-59F2-4B8D-AF8E-D512406BD3E2}.Release|Any CPU.ActiveCfg = Release|Any CPU
		{6ED79354-59F2-4B8D-AF8E-D512406BD3E2}.Release|Any CPU.Build.0 = Release|Any CPU
	EndGlobalSection
EndGlobal
