
Microsoft Visual Studio Solution File, Format Version 12.00
Project("{FAE04EC0-301F-11D3-BF4B-00C04F79EFBC}") = "lab03", "lab03\lab03.csproj", "{93AB8742-BE74-4BC2-94B3-ECBC46B67AF4}"
EndProject
Global
	GlobalSection(SolutionConfigurationPlatforms) = preSolution
		Debug|Any CPU = Debug|Any CPU
		Release|Any CPU = Release|Any CPU
	EndGlobalSection
	GlobalSection(ProjectConfigurationPlatforms) = postSolution
		{93AB8742-BE74-4BC2-94B3-ECBC46B67AF4}.Debug|Any CPU.ActiveCfg = Debug|Any CPU
		{93AB8742-BE74-4BC2-94B3-ECBC46B67AF4}.Debug|Any CPU.Build.0 = Debug|Any CPU
		{93AB8742-BE74-4BC2-94B3-ECBC46B67AF4}.Release|Any CPU.ActiveCfg = Release|Any CPU
		{93AB8742-BE74-4BC2-94B3-ECBC46B67AF4}.Release|Any CPU.Build.0 = Release|Any CPU
	EndGlobalSection
EndGlobal
